
Microsoft Visual Studio Solution File, Format Version 12.00
# Visual Studio 15
VisualStudioVersion = 15.0.28010.2016
MinimumVisualStudioVersion = 10.0.40219.1
Project("{FAE04EC0-301F-11D3-BF4B-00C04F79EFBC}") = "Code", "Code\Code.csproj", "{18E24808-A5AE-4490-A2EF-2E1BE9270273}"
EndProject
Global
	GlobalSection(SolutionConfigurationPlatforms) = preSolution
		Debug|Any CPU = Debug|Any CPU
		Release|Any CPU = Release|Any CPU
	EndGlobalSection
	GlobalSection(ProjectConfigurationPlatforms) = postSolution
		{18E24808-A5AE-4490-A2EF-2E1BE9270273}.Debug|Any CPU.ActiveCfg = Debug|Any CPU
		{18E24808-A5AE-4490-A2EF-2E1BE9270273}.Debug|Any CPU.Build.0 = Debug|Any CPU
		{18E24808-A5AE-4490-A2EF-2E1BE9270273}.Release|Any CPU.ActiveCfg = Release|Any CPU
		{18E24808-A5AE-4490-A2EF-2E1BE9270273}.Release|Any CPU.Build.0 = Release|Any CPU
	EndGlobalSection
	GlobalSection(SolutionProperties) = preSolution
		HideSolutionNode = FALSE
	EndGlobalSection
	GlobalSection(ExtensibilityGlobals) = postSolution
		SolutionGuid = {CCB450A2-AC6B-4676-8056-8ADD1568871B}
	EndGlobalSection
EndGlobal
